Microsoft Visual Studio Solution File, Format Version 12.00
# Visual Studio Version 17
VisualStudioVersion = 17.5.2.0
MinimumVisualStudioVersion = 10.0.40219.1
Project("{FAE04EC0-301F-11D3-BF4B-00C04F79EFBC}") = "VoiceVaultAPI", "VoiceVaultAPI.csproj", "{1C1E63AD-78A8-CC51-2308-B816BC528243}"
EndProject
Global
	GlobalSection(SolutionConfigurationPlatforms) = preSolution
		Debug|Any CPU = Debug|Any CPU
		Release|Any CPU = Release|Any CPU
	EndGlobalSection
	GlobalSection(ProjectConfigurationPlatforms) = postSolution
		{1C1E63AD-78A8-CC51-2308-B816BC528243}.Debug|Any CPU.ActiveCfg = Debug|Any CPU
		{1C1E63AD-78A8-CC51-2308-B816BC528243}.Debug|Any CPU.Build.0 = Debug|Any CPU
		{1C1E63AD-78A8-CC51-2308-B816BC528243}.Release|Any CPU.ActiveCfg = Release|Any CPU
		{1C1E63AD-78A8-CC51-2308-B816BC528243}.Release|Any CPU.Build.0 = Release|Any CPU
	EndGlobalSection
	GlobalSection(SolutionProperties) = preSolution
		HideSolutionNode = FALSE
	EndGlobalSection
	GlobalSection(ExtensibilityGlobals) = postSolution
		SolutionGuid = {D8672D80-BF33-4C93-953E-3BE79E86E495}
	EndGlobalSection
EndGlobal
